
Microsoft Visual Studio Solution File, Format Version 12.00
# Visual Studio Version 17
VisualStudioVersion = 17.0.31903.59
MinimumVisualStudioVersion = 10.0.40219.1
Project("{2150E333-8FDC-42A3-9474-1A3956D46DE8}") = "src", "src", "{827E0CD3-B72D-47B6-A68D-7590B98EB39B}"
EndProject
Project("{FAE04EC0-301F-11D3-BF4B-00C04F79EFBC}") = "ServiceDeckManagement.Domain", "src\ServiceDeckManagement.Domain\ServiceDeckManagement.Domain.csproj", "{BBC56341-6936-4898-8A94-CE15BAE38824}"
EndProject
Project("{FAE04EC0-301F-11D3-BF4B-00C04F79EFBC}") = "ServiceDeckManagement.Contracts", "src\ServiceDeckManagement.Contracts\ServiceDeckManagement.Contracts.csproj", "{CF352758-E61F-4470-9700-492AB64D0830}"
EndProject
Project("{FAE04EC0-301F-11D3-BF4B-00C04F79EFBC}") = "ServiceDeckManagement.Application", "src\ServiceDeckManagement.Application\ServiceDeckManagement.Application.csproj", "{775F53B9-3514-4BB1-93BE-28D38A09BDF9}"
EndProject
Project("{FAE04EC0-301F-11D3-BF4B-00C04F79EFBC}") = "ServiceDeckManagement.Infrastructure", "src\ServiceDeckManagement.Infrastructure\ServiceDeckManagement.Infrastructure.csproj", "{B60EBE54-40E1-4C1C-98C4-81D484986131}"
EndProject
Project("{2150E333-8FDC-42A3-9474-1A3956D46DE8}") = "tests", "tests", "{0AB3BF05-4346-4AA6-1389-037BE0695223}"
EndProject
Project("{FAE04EC0-301F-11D3-BF4B-00C04F79EFBC}") = "ServiceDeckManagement.UnitTests", "tests\ServiceDeckManagement.UnitTests\ServiceDeckManagement.UnitTests.csproj", "{8195D569-5B63-4253-9C81-F13A61173A32}"
EndProject
Project("{FAE04EC0-301F-11D3-BF4B-00C04F79EFBC}") = "ServiceDeckManagement.Host", "src\ServiceDeckManagement.Host\ServiceDeckManagement.Host.csproj", "{76EB49EE-F394-49BA-8215-04A9708EA718}"
EndProject
Project("{FAE04EC0-301F-11D3-BF4B-00C04F79EFBC}") = "ServiceDeckManagement.HostTests", "tests\ServiceDeckManagement.HostTests\ServiceDeckManagement.HostTests.csproj", "{ACE22F91-CFC5-4787-8B91-7FC72C5CEDAF}"
EndProject
Project("{FAE04EC0-301F-11D3-BF4B-00C04F79EFBC}") = "ServiceDeckManagement.TestApp", "tests\ServiceDeckManagement.TestApp\ServiceDeckManagement.TestApp.csproj", "{A3A34A71-B00B-42F8-A9F4-F5EDF06D0EC8}"
EndProject
Project("{FAE04EC0-301F-11D3-BF4B-00C04F79EFBC}") = "ServiceDeckManagement.Manager", "src\ServiceDeckManagement.Manager\ServiceDeckManagement.Manager.csproj", "{3B34A0F0-64AB-4621-852B-8198490E9D8C}"
EndProject
Project("{FAE04EC0-301F-11D3-BF4B-00C04F79EFBC}") = "ServiceDeckManagement.ManagerTests", "tests\ServiceDeckManagement.ManagerTests\ServiceDeckManagement.ManagerTests.csproj", "{EEF5C063-D246-4999-9405-7F9103DE8648}"
EndProject
Global
	GlobalSection(SolutionConfigurationPlatforms) = preSolution
		Debug|Any CPU = Debug|Any CPU
		Debug|x64 = Debug|x64
		Debug|x86 = Debug|x86
		Release|Any CPU = Release|Any CPU
		Release|x64 = Release|x64
		Release|x86 = Release|x86
	EndGlobalSection
	GlobalSection(ProjectConfigurationPlatforms) = postSolution
		{BBC56341-6936-4898-8A94-CE15BAE38824}.Debug|Any CPU.ActiveCfg = Debug|Any CPU
		{BBC56341-6936-4898-8A94-CE15BAE38824}.Debug|Any CPU.Build.0 = Debug|Any CPU
		{BBC56341-6936-4898-8A94-CE15BAE38824}.Debug|x64.ActiveCfg = Debug|Any CPU
		{BBC56341-6936-4898-8A94-CE15BAE38824}.Debug|x64.Build.0 = Debug|Any CPU
		{BBC56341-6936-4898-8A94-CE15BAE38824}.Debug|x86.ActiveCfg = Debug|Any CPU
		{BBC56341-6936-4898-8A94-CE15BAE38824}.Debug|x86.Build.0 = Debug|Any CPU
		{BBC56341-6936-4898-8A94-CE15BAE38824}.Release|Any CPU.ActiveCfg = Release|Any CPU
		{BBC56341-6936-4898-8A94-CE15BAE38824}.Release|Any CPU.Build.0 = Release|Any CPU
		{BBC56341-6936-4898-8A94-CE15BAE38824}.Release|x64.ActiveCfg = Release|Any CPU
		{BBC56341-6936-4898-8A94-CE15BAE38824}.Release|x64.Build.0 = Release|Any CPU
		{BBC56341-6936-4898-8A94-CE15BAE38824}.Release|x86.ActiveCfg = Release|Any CPU
		{BBC56341-6936-4898-8A94-CE15BAE38824}.Release|x86.Build.0 = Release|Any CPU
		{CF352758-E61F-4470-9700-492AB64D0830}.Debug|Any CPU.ActiveCfg = Debug|Any CPU
		{CF352758-E61F-4470-9700-492AB64D0830}.Debug|Any CPU.Build.0 = Debug|Any CPU
		{CF352758-E61F-4470-9700-492AB64D0830}.Debug|x64.ActiveCfg = Debug|Any CPU
		{CF352758-E61F-4470-9700-492AB64D0830}.Debug|x64.Build.0 = Debug|Any CPU
		{CF352758-E61F-4470-9700-492AB64D0830}.Debug|x86.ActiveCfg = Debug|Any CPU
		{CF352758-E61F-4470-9700-492AB64D0830}.Debug|x86.Build.0 = Debug|Any CPU
		{CF352758-E61F-4470-9700-492AB64D0830}.Release|Any CPU.ActiveCfg = Release|Any CPU
		{CF352758-E61F-4470-9700-492AB64D0830}.Release|Any CPU.Build.0 = Release|Any CPU
		{CF352758-E61F-4470-9700-492AB64D0830}.Release|x64.ActiveCfg = Release|Any CPU
		{CF352758-E61F-4470-9700-492AB64D0830}.Release|x64.Build.0 = Release|Any CPU
		{CF352758-E61F-4470-9700-492AB64D0830}.Release|x86.ActiveCfg = Release|Any CPU
		{CF352758-E61F-4470-9700-492AB64D0830}.Release|x86.Build.0 = Release|Any CPU
		{775F53B9-3514-4BB1-93BE-28D38A09BDF9}.Debug|Any CPU.ActiveCfg = Debug|Any CPU
		{775F53B9-3514-4BB1-93BE-28D38A09BDF9}.Debug|Any CPU.Build.0 = Debug|Any CPU
		{775F53B9-3514-4BB1-93BE-28D38A09BDF9}.Debug|x64.ActiveCfg = Debug|Any CPU
		{775F53B9-3514-4BB1-93BE-28D38A09BDF9}.Debug|x64.Build.0 = Debug|Any CPU
		{775F53B9-3514-4BB1-93BE-28D38A09BDF9}.Debug|x86.ActiveCfg = Debug|Any CPU
		{775F53B9-3514-4BB1-93BE-28D38A09BDF9}.Debug|x86.Build.0 = Debug|Any CPU
		{775F53B9-3514-4BB1-93BE-28D38A09BDF9}.Release|Any CPU.ActiveCfg = Release|Any CPU
		{775F53B9-3514-4BB1-93BE-28D38A09BDF9}.Release|Any CPU.Build.0 = Release|Any CPU
		{775F53B9-3514-4BB1-93BE-28D38A09BDF9}.Release|x64.ActiveCfg = Release|Any CPU
		{775F53B9-3514-4BB1-93BE-28D38A09BDF9}.Release|x64.Build.0 = Release|Any CPU
		{775F53B9-3514-4BB1-93BE-28D38A09BDF9}.Release|x86.ActiveCfg = Release|Any CPU
		{775F53B9-3514-4BB1-93BE-28D38A09BDF9}.Release|x86.Build.0 = Release|Any CPU
		{B60EBE54-40E1-4C1C-98C4-81D484986131}.Debug|Any CPU.ActiveCfg = Debug|Any CPU
		{B60EBE54-40E1-4C1C-98C4-81D484986131}.Debug|Any CPU.Build.0 = Debug|Any CPU
		{B60EBE54-40E1-4C1C-98C4-81D484986131}.Debug|x64.ActiveCfg = Debug|Any CPU
		{B60EBE54-40E1-4C1C-98C4-81D484986131}.Debug|x64.Build.0 = Debug|Any CPU
		{B60EBE54-40E1-4C1C-98C4-81D484986131}.Debug|x86.ActiveCfg = Debug|Any CPU
		{B60EBE54-40E1-4C1C-98C4-81D484986131}.Debug|x86.Build.0 = Debug|Any CPU
		{B60EBE54-40E1-4C1C-98C4-81D484986131}.Release|Any CPU.ActiveCfg = Release|Any CPU
		{B60EBE54-40E1-4C1C-98C4-81D484986131}.Release|Any CPU.Build.0 = Release|Any CPU
		{B60EBE54-40E1-4C1C-98C4-81D484986131}.Release|x64.ActiveCfg = Release|Any CPU
		{B60EBE54-40E1-4C1C-98C4-81D484986131}.Release|x64.Build.0 = Release|Any CPU
		{B60EBE54-40E1-4C1C-98C4-81D484986131}.Release|x86.ActiveCfg = Release|Any CPU
		{B60EBE54-40E1-4C1C-98C4-81D484986131}.Release|x86.Build.0 = Release|Any CPU
		{8195D569-5B63-4253-9C81-F13A61173A32}.Debug|Any CPU.ActiveCfg = Debug|Any CPU
		{8195D569-5B63-4253-9C81-F13A61173A32}.Debug|Any CPU.Build.0 = Debug|Any CPU
		{8195D569-5B63-4253-9C81-F13A61173A32}.Debug|x64.ActiveCfg = Debug|Any CPU
		{8195D569-5B63-4253-9C81-F13A61173A32}.Debug|x64.Build.0 = Debug|Any CPU
		{8195D569-5B63-4253-9C81-F13A61173A32}.Debug|x86.ActiveCfg = Debug|Any CPU
		{8195D569-5B63-4253-9C81-F13A61173A32}.Debug|x86.Build.0 = Debug|Any CPU
		{8195D569-5B63-4253-9C81-F13A61173A32}.Release|Any CPU.ActiveCfg = Release|Any CPU
		{8195D569-5B63-4253-9C81-F13A61173A32}.Release|Any CPU.Build.0 = Release|Any CPU
		{8195D569-5B63-4253-9C81-F13A61173A32}.Release|x64.ActiveCfg = Release|Any CPU
		{8195D569-5B63-4253-9C81-F13A61173A32}.Release|x64.Build.0 = Release|Any CPU
		{8195D569-5B63-4253-9C81-F13A61173A32}.Release|x86.ActiveCfg = Release|Any CPU
		{8195D569-5B63-4253-9C81-F13A61173A32}.Release|x86.Build.0 = Release|Any CPU
		{76EB49EE-F394-49BA-8215-04A9708EA718}.Debug|Any CPU.ActiveCfg = Debug|Any CPU
		{76EB49EE-F394-49BA-8215-04A9708EA718}.Debug|Any CPU.Build.0 = Debug|Any CPU
		{76EB49EE-F394-49BA-8215-04A9708EA718}.Debug|x64.ActiveCfg = Debug|Any CPU
		{76EB49EE-F394-49BA-8215-04A9708EA718}.Debug|x64.Build.0 = Debug|Any CPU
		{76EB49EE-F394-49BA-8215-04A9708EA718}.Debug|x86.ActiveCfg = Debug|Any CPU
		{76EB49EE-F394-49BA-8215-04A9708EA718}.Debug|x86.Build.0 = Debug|Any CPU
		{76EB49EE-F394-49BA-8215-04A9708EA718}.Release|Any CPU.ActiveCfg = Release|Any CPU
		{76EB49EE-F394-49BA-8215-04A9708EA718}.Release|Any CPU.Build.0 = Release|Any CPU
		{76EB49EE-F394-49BA-8215-04A9708EA718}.Release|x64.ActiveCfg = Release|Any CPU
		{76EB49EE-F394-49BA-8215-04A9708EA718}.Release|x64.Build.0 = Release|Any CPU
		{76EB49EE-F394-49BA-8215-04A9708EA718}.Release|x86.ActiveCfg = Release|Any CPU
		{76EB49EE-F394-49BA-8215-04A9708EA718}.Release|x86.Build.0 = Release|Any CPU
		{ACE22F91-CFC5-4787-8B91-7FC72C5CEDAF}.Debug|Any CPU.ActiveCfg = Debug|Any CPU
		{ACE22F91-CFC5-4787-8B91-7FC72C5CEDAF}.Debug|Any CPU.Build.0 = Debug|Any CPU
		{ACE22F91-CFC5-4787-8B91-7FC72C5CEDAF}.Debug|x64.ActiveCfg = Debug|Any CPU
		{ACE22F91-CFC5-4787-8B91-7FC72C5CEDAF}.Debug|x64.Build.0 = Debug|Any CPU
		{ACE22F91-CFC5-4787-8B91-7FC72C5CEDAF}.Debug|x86.ActiveCfg = Debug|Any CPU
		{ACE22F91-CFC5-4787-8B91-7FC72C5CEDAF}.Debug|x86.Build.0 = Debug|Any CPU
		{ACE22F91-CFC5-4787-8B91-7FC72C5CEDAF}.Release|Any CPU.ActiveCfg = Release|Any CPU
		{ACE22F91-CFC5-4787-8B91-7FC72C5CEDAF}.Release|Any CPU.Build.0 = Release|Any CPU
		{ACE22F91-CFC5-4787-8B91-7FC72C5CEDAF}.Release|x64.ActiveCfg = Release|Any CPU
		{ACE22F91-CFC5-4787-8B91-7FC72C5CEDAF}.Release|x64.Build.0 = Release|Any CPU
		{ACE22F91-CFC5-4787-8B91-7FC72C5CEDAF}.Release|x86.ActiveCfg = Release|Any CPU
		{ACE22F91-CFC5-4787-8B91-7FC72C5CEDAF}.Release|x86.Build.0 = Release|Any CPU
		{A3A34A71-B00B-42F8-A9F4-F5EDF06D0EC8}.Debug|Any CPU.ActiveCfg = Debug|Any CPU
		{A3A34A71-B00B-42F8-A9F4-F5EDF06D0EC8}.Debug|Any CPU.Build.0 = Debug|Any CPU
		{A3A34A71-B00B-42F8-A9F4-F5EDF06D0EC8}.Debug|x64.ActiveCfg = Debug|Any CPU
		{A3A34A71-B00B-42F8-A9F4-F5EDF06D0EC8}.Debug|x64.Build.0 = Debug|Any CPU
		{A3A34A71-B00B-42F8-A9F4-F5EDF06D0EC8}.Debug|x86.ActiveCfg = Debug|Any CPU
		{A3A34A71-B00B-42F8-A9F4-F5EDF06D0EC8}.Debug|x86.Build.0 = Debug|Any CPU
		{A3A34A71-B00B-42F8-A9F4-F5EDF06D0EC8}.Release|Any CPU.ActiveCfg = Release|Any CPU
		{A3A34A71-B00B-42F8-A9F4-F5EDF06D0EC8}.Release|Any CPU.Build.0 = Release|Any CPU
		{A3A34A71-B00B-42F8-A9F4-F5EDF06D0EC8}.Release|x64.ActiveCfg = Release|Any CPU
		{A3A34A71-B00B-42F8-A9F4-F5EDF06D0EC8}.Release|x64.Build.0 = Release|Any CPU
		{A3A34A71-B00B-42F8-A9F4-F5EDF06D0EC8}.Release|x86.ActiveCfg = Release|Any CPU
		{A3A34A71-B00B-42F8-A9F4-F5EDF06D0EC8}.Release|x86.Build.0 = Release|Any CPU
		{3B34A0F0-64AB-4621-852B-8198490E9D8C}.Debug|Any CPU.ActiveCfg = Debug|Any CPU
		{3B34A0F0-64AB-4621-852B-8198490E9D8C}.Debug|Any CPU.Build.0 = Debug|Any CPU
		{3B34A0F0-64AB-4621-852B-8198490E9D8C}.Debug|x64.ActiveCfg = Debug|Any CPU
		{3B34A0F0-64AB-4621-852B-8198490E9D8C}.Debug|x64.Build.0 = Debug|Any CPU
		{3B34A0F0-64AB-4621-852B-8198490E9D8C}.Debug|x86.ActiveCfg = Debug|Any CPU
		{3B34A0F0-64AB-4621-852B-8198490E9D8C}.Debug|x86.Build.0 = Debug|Any CPU
		{3B34A0F0-64AB-4621-852B-8198490E9D8C}.Release|Any CPU.ActiveCfg = Release|Any CPU
		{3B34A0F0-64AB-4621-852B-8198490E9D8C}.Release|Any CPU.Build.0 = Release|Any CPU
		{3B34A0F0-64AB-4621-852B-8198490E9D8C}.Release|x64.ActiveCfg = Release|Any CPU
		{3B34A0F0-64AB-4621-852B-8198490E9D8C}.Release|x64.Build.0 = Release|Any CPU
		{3B34A0F0-64AB-4621-852B-8198490E9D8C}.Release|x86.ActiveCfg = Release|Any CPU
		{3B34A0F0-64AB-4621-852B-8198490E9D8C}.Release|x86.Build.0 = Release|Any CPU
		{EEF5C063-D246-4999-9405-7F9103DE8648}.Debug|Any CPU.ActiveCfg = Debug|Any CPU
		{EEF5C063-D246-4999-9405-7F9103DE8648}.Debug|Any CPU.Build.0 = Debug|Any CPU
		{EEF5C063-D246-4999-9405-7F9103DE8648}.Debug|x64.ActiveCfg = Debug|Any CPU
		{EEF5C063-D246-4999-9405-7F9103DE8648}.Debug|x64.Build.0 = Debug|Any CPU
		{EEF5C063-D246-4999-9405-7F9103DE8648}.Debug|x86.ActiveCfg = Debug|Any CPU
		{EEF5C063-D246-4999-9405-7F9103DE8648}.Debug|x86.Build.0 = Debug|Any CPU
		{EEF5C063-D246-4999-9405-7F9103DE8648}.Release|Any CPU.ActiveCfg = Release|Any CPU
		{EEF5C063-D246-4999-9405-7F9103DE8648}.Release|Any CPU.Build.0 = Release|Any CPU
		{EEF5C063-D246-4999-9405-7F9103DE8648}.Release|x64.ActiveCfg = Release|Any CPU
		{EEF5C063-D246-4999-9405-7F9103DE8648}.Release|x64.Build.0 = Release|Any CPU
		{EEF5C063-D246-4999-9405-7F9103DE8648}.Release|x86.ActiveCfg = Release|Any CPU
		{EEF5C063-D246-4999-9405-7F9103DE8648}.Release|x86.Build.0 = Release|Any CPU
	EndGlobalSection
	GlobalSection(SolutionProperties) = preSolution
		HideSolutionNode = FALSE
	EndGlobalSection
	GlobalSection(NestedProjects) = preSolution
		{BBC56341-6936-4898-8A94-CE15BAE38824} = {827E0CD3-B72D-47B6-A68D-7590B98EB39B}
		{CF352758-E61F-4470-9700-492AB64D0830} = {827E0CD3-B72D-47B6-A68D-7590B98EB39B}
		{775F53B9-3514-4BB1-93BE-28D38A09BDF9} = {827E0CD3-B72D-47B6-A68D-7590B98EB39B}
		{B60EBE54-40E1-4C1C-98C4-81D484986131} = {827E0CD3-B72D-47B6-A68D-7590B98EB39B}
		{8195D569-5B63-4253-9C81-F13A61173A32} = {0AB3BF05-4346-4AA6-1389-037BE0695223}
		{76EB49EE-F394-49BA-8215-04A9708EA718} = {827E0CD3-B72D-47B6-A68D-7590B98EB39B}
		{ACE22F91-CFC5-4787-8B91-7FC72C5CEDAF} = {0AB3BF05-4346-4AA6-1389-037BE0695223}
		{A3A34A71-B00B-42F8-A9F4-F5EDF06D0EC8} = {0AB3BF05-4346-4AA6-1389-037BE0695223}
		{3B34A0F0-64AB-4621-852B-8198490E9D8C} = {827E0CD3-B72D-47B6-A68D-7590B98EB39B}
		{EEF5C063-D246-4999-9405-7F9103DE8648} = {0AB3BF05-4346-4AA6-1389-037BE0695223}
	EndGlobalSection
EndGlobal
