{
  "version": 2,
  "dependencies": {
    "net10.0-windows7.0": {
      "servicedeckmanagement.application": {
        "type": "Project",
        "dependencies": {
          "ServiceDeckManagement.Contracts": "[1.0.0-beta.4, )",
          "ServiceDeckManagement.Domain": "[1.0.0-beta.4, )"
        }
      },
      "servicedeckmanagement.contracts": {
        "type": "Project"
      },
      "servicedeckmanagement.domain": {
        "type": "Project"
      },
      "servicedeckmanagement.infrastructure": {
        "type": "Project",
        "dependencies": {
          "ServiceDeckManagement.Application": "[1.0.0-beta.4, )",
          "ServiceDeckManagement.Contracts": "[1.0.0-beta.4, )",
          "ServiceDeckManagement.Domain": "[1.0.0-beta.4, )",
          "System.Security.Cryptography.ProtectedData": "[10.0.10, )"
        }
      },
      "System.Security.Cryptography.ProtectedData": {
        "type": "CentralTransitive",
        "requested": "[10.0.10, )",
        "resolved": "10.0.10",
        "contentHash": "BKt0SQgq2lq3ESE68jkeLwv95ypANrPDtkTOIFGcnhg2aRUeUUBDrQlkVDZctrg1WenVcvn5P5XZnuYI7q6rFQ=="
      }
    },
    "net10.0-windows7.0/win-x64": {}
  }
}